
Microsoft Visual Studio Solution File, Format Version 12.00
# Visual Studio 15
VisualStudioVersion = 15.0.27703.2026
MinimumVisualStudioVersion = 10.0.40219.1
Project("{9A19103F-16F7-4668-BE54-9A1E7A4F7556}") = "embedio-cli", "src\embedio-cli\embedio-cli.csproj", "{3CE92A2A-C668-4FE4-8019-DA7D0A5429F9}"
EndProject
Project("{2150E333-8FDC-42A3-9474-1A3956D46DE8}") = "Solution Items", "Solution Items", "{1AE34E86-5BE8-46DB-ACC3-D3E8F95AE4FE}"
	ProjectSection(SolutionItems) = preProject
		.travis.yml = .travis.yml
		appveyor.yml = appveyor.yml
		README.md = README.md
		StyleCop.Analyzers.ruleset = StyleCop.Analyzers.ruleset
	EndProjectSection
EndProject
Global
	GlobalSection(SolutionConfigurationPlatforms) = preSolution
		Debug|Any CPU = Debug|Any CPU
		Release|Any CPU = Release|Any CPU
	EndGlobalSection
	GlobalSection(ProjectConfigurationPlatforms) = postSolution
		{3CE92A2A-C668-4FE4-8019-DA7D0A5429F9}.Debug|Any CPU.ActiveCfg = Debug|Any CPU
		{3CE92A2A-C668-4FE4-8019-DA7D0A5429F9}.Debug|Any CPU.Build.0 = Debug|Any CPU
		{3CE92A2A-C668-4FE4-8019-DA7D0A5429F9}.Release|Any CPU.ActiveCfg = Release|Any CPU
		{3CE92A2A-C668-4FE4-8019-DA7D0A5429F9}.Release|Any CPU.Build.0 = Release|Any CPU
	EndGlobalSection
	GlobalSection(SolutionProperties) = preSolution
		HideSolutionNode = FALSE
	EndGlobalSection
	GlobalSection(ExtensibilityGlobals) = postSolution
		SolutionGuid = {E7E1AAAD-50E4-4578-AA1D-0FEDC6AACC8E}
	EndGlobalSection
EndGlobal
